
Microsoft Visual Studio Solution File, Format Version 12.00
# Visual Studio Version 17
VisualStudioVersion = 17.5.33414.496
MinimumVisualStudioVersion = 10.0.40219.1
Project("{FAE04EC0-301F-11D3-BF4B-00C04F79EFBC}") = "ZinkovskiyTask", "ZinkovskiyTask\ZinkovskiyTask.csproj", "{089CD8C8-4EDA-4D87-885C-EB818531F7FF}"
EndProject
Global
	GlobalSection(SolutionConfigurationPlatforms) = preSolution
		Debug|Any CPU = Debug|Any CPU
		Release|Any CPU = Release|Any CPU
	EndGlobalSection
	GlobalSection(ProjectConfigurationPlatforms) = postSolution
		{089CD8C8-4EDA-4D87-885C-EB818531F7FF}.Debug|Any CPU.ActiveCfg = Debug|Any CPU
		{089CD8C8-4EDA-4D87-885C-EB818531F7FF}.Debug|Any CPU.Build.0 = Debug|Any CPU
		{089CD8C8-4EDA-4D87-885C-EB818531F7FF}.Release|Any CPU.ActiveCfg = Release|Any CPU
		{089CD8C8-4EDA-4D87-885C-EB818531F7FF}.Release|Any CPU.Build.0 = Release|Any CPU
	EndGlobalSection
	GlobalSection(SolutionProperties) = preSolution
		HideSolutionNode = FALSE
	EndGlobalSection
	GlobalSection(ExtensibilityGlobals) = postSolution
		SolutionGuid = {328943EA-CE45-432D-9F8E-6DF9BA943DC5}
	EndGlobalSection
EndGlobal
